// !$*UTF8*$!
{
	archiveVersion = 1;
	classes = {
	};
	objectVersion = 50;
	objects = {

/* Begin PBXBuildFile section */
		8D7E32DB20C763F6009D644A /* ListItemTableViewCell.xib in Resources */ = {isa = PBXBuildFile; fileRef = 8D7E32DA20C763F6009D644A /* ListItemTableViewCell.xib */; };
		8D7E32E320C77754009D644A /* DetailRouter.swift in Sources */ = {isa = PBXBuildFile; fileRef = 8D7E32E220C77754009D644A /* DetailRouter.swift */; };
		8D7E32E520C77760009D644A /* DetailViewProtocol.swift in Sources */ = {isa = PBXBuildFile; fileRef = 8D7E32E420C77760009D644A /* DetailViewProtocol.swift */; };
		8D7E32E720C77769009D644A /* DetailPresenter.swift in Sources */ = {isa = PBXBuildFile; fileRef = 8D7E32E620C77769009D644A /* DetailPresenter.swift */; };
		8D7E32EA20C7777E009D644A /* DetailViewController.swift in Sources */ = {isa = PBXBuildFile; fileRef = 8D7E32E820C7777E009D644A /* DetailViewController.swift */; };
		8D7E32EB20C7777E009D644A /* DetailViewController.xib in Resources */ = {isa = PBXBuildFile; fileRef = 8D7E32E920C7777E009D644A /* DetailViewController.xib */; };
		8D7E32EE20C77E5F009D644A /* Movie.swift in Sources */ = {isa = PBXBuildFile; fileRef = 8D7E32ED20C77E5F009D644A /* Movie.swift */; };
		8D7E32F020C78061009D644A /* MovieService.swift in Sources */ = {isa = PBXBuildFile; fileRef = 8D7E32EF20C78061009D644A /* MovieService.swift */; };
		8D7E32F220C78621009D644A /* ImageLoader.swift in Sources */ = {isa = PBXBuildFile; fileRef = 8D7E32F120C78621009D644A /* ImageLoader.swift */; };
		F25018AF20C70E820003E4BB /* AppDelegate.swift in Sources */ = {isa = PBXBuildFile; fileRef = F25018AE20C70E820003E4BB /* AppDelegate.swift */; };
		F25018B620C70E840003E4BB /* Assets.xcassets in Resources */ = {isa = PBXBuildFile; fileRef = F25018B520C70E840003E4BB /* Assets.xcassets */; };
		F25018B920C70E840003E4BB /* LaunchScreen.storyboard in Resources */ = {isa = PBXBuildFile; fileRef = F25018B720C70E840003E4BB /* LaunchScreen.storyboard */; };
		F25018D920C70F820003E4BB /* Routes.swift in Sources */ = {isa = PBXBuildFile; fileRef = F25018D820C70F820003E4BB /* Routes.swift */; };
		F25018DB20C70F890003E4BB /* NavigationPresenter.swift in Sources */ = {isa = PBXBuildFile; fileRef = F25018DA20C70F890003E4BB /* NavigationPresenter.swift */; };
		F25018DD20C70F8E0003E4BB /* NavigationViewController.swift in Sources */ = {isa = PBXBuildFile; fileRef = F25018DC20C70F8E0003E4BB /* NavigationViewController.swift */; };
		F25018DF20C70F920003E4BB /* NavigationRouter.swift in Sources */ = {isa = PBXBuildFile; fileRef = F25018DE20C70F920003E4BB /* NavigationRouter.swift */; };
		F25018E520C70FD80003E4BB /* ListTableViewController.swift in Sources */ = {isa = PBXBuildFile; fileRef = F25018E420C70FD80003E4BB /* ListTableViewController.swift */; };
		F25018E820C70FE10003E4BB /* ListPresenter.swift in Sources */ = {isa = PBXBuildFile; fileRef = F25018E620C70FE10003E4BB /* ListPresenter.swift */; };
		F25018E920C70FE10003E4BB /* ListViewProtocol.swift in Sources */ = {isa = PBXBuildFile; fileRef = F25018E720C70FE10003E4BB /* ListViewProtocol.swift */; };
		F25018EB20C70FEA0003E4BB /* ListRouter.swift in Sources */ = {isa = PBXBuildFile; fileRef = F25018EA20C70FEA0003E4BB /* ListRouter.swift */; };
		F25018F120C710160003E4BB /* RequestMethod.swift in Sources */ = {isa = PBXBuildFile; fileRef = F25018EE20C710160003E4BB /* RequestMethod.swift */; };
		F25018F220C710160003E4BB /* ServiceError.swift in Sources */ = {isa = PBXBuildFile; fileRef = F25018EF20C710160003E4BB /* ServiceError.swift */; };
		F25018F320C710160003E4BB /* ServiceManager.swift in Sources */ = {isa = PBXBuildFile; fileRef = F25018F020C710160003E4BB /* ServiceManager.swift */; };
		F25018F620C7101C0003E4BB /* UIColorExtension.swift in Sources */ = {isa = PBXBuildFile; fileRef = F25018F420C7101C0003E4BB /* UIColorExtension.swift */; };
		F25018FA20C710B30003E4BB /* AppEnvironment.swift in Sources */ = {isa = PBXBuildFile; fileRef = F25018F920C710B30003E4BB /* AppEnvironment.swift */; };
		F250190220C713E20003E4BB /* MovieBoxTests.swift in Sources */ = {isa = PBXBuildFile; fileRef = F250190120C713E20003E4BB /* MovieBoxTests.swift */; };
		F293811E20C71B1E00441757 /* SnapKit.framework in Frameworks */ = {isa = PBXBuildFile; fileRef = F293811D20C71B1E00441757 /* SnapKit.framework */; };
		F293812120C71F0200441757 /* ListItemTableViewCell.swift in Sources */ = {isa = PBXBuildFile; fileRef = F293812020C71F0200441757 /* ListItemTableViewCell.swift */; };
		F293812320C7220F00441757 /* NSObjectExtension.swift in Sources */ = {isa = PBXBuildFile; fileRef = F293812220C7220F00441757 /* NSObjectExtension.swift */; };
		F293812520C7291D00441757 /* UIViewExtension.swift in Sources */ = {isa = PBXBuildFile; fileRef = F293812420C7291D00441757 /* UIViewExtension.swift */; };
/* End PBXBuildFile section */

/* Begin PBXContainerItemProxy section */
		F250190420C713E20003E4BB /* PBXContainerItemProxy */ = {
			isa = PBXContainerItemProxy;
			containerPortal = F25018A320C70E820003E4BB /* Project object */;
			proxyType = 1;
			remoteGlobalIDString = F25018AA20C70E820003E4BB;
			remoteInfo = MovieBox;
		};
/* End PBXContainerItemProxy section */

/* Begin PBXFileReference section */
		8D7E32DA20C763F6009D644A /* ListItemTableViewCell.xib */ = {isa = PBXFileReference; lastKnownFileType = file.xib; path = ListItemTableViewCell.xib; sourceTree = "<group>"; };
		8D7E32E220C77754009D644A /* DetailRouter.swift */ = {isa = PBXFileReference; lastKnownFileType = sourcecode.swift; path = DetailRouter.swift; sourceTree = "<group>"; };
		8D7E32E420C77760009D644A /* DetailViewProtocol.swift */ = {isa = PBXFileReference; lastKnownFileType = sourcecode.swift; path = DetailViewProtocol.swift; sourceTree = "<group>"; };
		8D7E32E620C77769009D644A /* DetailPresenter.swift */ = {isa = PBXFileReference; lastKnownFileType = sourcecode.swift; path = DetailPresenter.swift; sourceTree = "<group>"; };
		8D7E32E820C7777E009D644A /* DetailViewController.swift */ = {isa = PBXFileReference; lastKnownFileType = sourcecode.swift; path = DetailViewController.swift; sourceTree = "<group>"; };
		8D7E32E920C7777E009D644A /* DetailViewController.xib */ = {isa = PBXFileReference; lastKnownFileType = file.xib; path = DetailViewController.xib; sourceTree = "<group>"; };
		8D7E32ED20C77E5F009D644A /* Movie.swift */ = {isa = PBXFileReference; lastKnownFileType = sourcecode.swift; path = Movie.swift; sourceTree = "<group>"; };
		8D7E32EF20C78061009D644A /* MovieService.swift */ = {isa = PBXFileReference; lastKnownFileType = sourcecode.swift; path = MovieService.swift; sourceTree = "<group>"; };
		8D7E32F120C78621009D644A /* ImageLoader.swift */ = {isa = PBXFileReference; lastKnownFileType = sourcecode.swift; path = ImageLoader.swift; sourceTree = "<group>"; };
		F25018AB20C70E820003E4BB /* MovieBox.app */ = {isa = PBXFileReference; explicitFileType = wrapper.application; includeInIndex = 0; path = MovieBox.app; sourceTree = BUILT_PRODUCTS_DIR; };
		F25018AE20C70E820003E4BB /* AppDelegate.swift */ = {isa = PBXFileReference; lastKnownFileType = sourcecode.swift; path = AppDelegate.swift; sourceTree = "<group>"; };
		F25018B520C70E840003E4BB /* Assets.xcassets */ = {isa = PBXFileReference; lastKnownFileType = folder.assetcatalog; path = Assets.xcassets; sourceTree = "<group>"; };
		F25018B820C70E840003E4BB /* Base */ = {isa = PBXFileReference; lastKnownFileType = file.storyboard; name = Base; path = Base.lproj/LaunchScreen.storyboard; sourceTree = "<group>"; };
		F25018BA20C70E840003E4BB /* Info.plist */ = {isa = PBXFileReference; lastKnownFileType = text.plist.xml; path = Info.plist; sourceTree = "<group>"; };
		F25018D820C70F820003E4BB /* Routes.swift */ = {isa = PBXFileReference; fileEncoding = 4; lastKnownFileType = sourcecode.swift; path = Routes.swift; sourceTree = "<group>"; };
		F25018DA20C70F890003E4BB /* NavigationPresenter.swift */ = {isa = PBXFileReference; fileEncoding = 4; lastKnownFileType = sourcecode.swift; path = NavigationPresenter.swift; sourceTree = "<group>"; };
		F25018DC20C70F8E0003E4BB /* NavigationViewController.swift */ = {isa = PBXFileReference; fileEncoding = 4; lastKnownFileType = sourcecode.swift; path = NavigationViewController.swift; sourceTree = "<group>"; };
		F25018DE20C70F920003E4BB /* NavigationRouter.swift */ = {isa = PBXFileReference; fileEncoding = 4; lastKnownFileType = sourcecode.swift; path = NavigationRouter.swift; sourceTree = "<group>"; };
		F25018E420C70FD80003E4BB /* ListTableViewController.swift */ = {isa = PBXFileReference; fileEncoding = 4; lastKnownFileType = sourcecode.swift; path = ListTableViewController.swift; sourceTree = "<group>"; };
		F25018E620C70FE10003E4BB /* ListPresenter.swift */ = {isa = PBXFileReference; fileEncoding = 4; lastKnownFileType = sourcecode.swift; path = ListPresenter.swift; sourceTree = "<group>"; };
		F25018E720C70FE10003E4BB /* ListViewProtocol.swift */ = {isa = PBXFileReference; fileEncoding = 4; lastKnownFileType = sourcecode.swift; path = ListViewProtocol.swift; sourceTree = "<group>"; };
		F25018EA20C70FEA0003E4BB /* ListRouter.swift */ = {isa = PBXFileReference; fileEncoding = 4; lastKnownFileType = sourcecode.swift; path = ListRouter.swift; sourceTree = "<group>"; };
		F25018EE20C710160003E4BB /* RequestMethod.swift */ = {isa = PBXFileReference; fileEncoding = 4; lastKnownFileType = sourcecode.swift; path = RequestMethod.swift; sourceTree = "<group>"; };
		F25018EF20C710160003E4BB /* ServiceError.swift */ = {isa = PBXFileReference; fileEncoding = 4; lastKnownFileType = sourcecode.swift; path = ServiceError.swift; sourceTree = "<group>"; };
		F25018F020C710160003E4BB /* ServiceManager.swift */ = {isa = PBXFileReference; fileEncoding = 4; lastKnownFileType = sourcecode.swift; path = ServiceManager.swift; sourceTree = "<group>"; };
		F25018F420C7101C0003E4BB /* UIColorExtension.swift */ = {isa = PBXFileReference; fileEncoding = 4; lastKnownFileType = sourcecode.swift; path = UIColorExtension.swift; sourceTree = "<group>"; };
		F25018F920C710B30003E4BB /* AppEnvironment.swift */ = {isa = PBXFileReference; lastKnownFileType = sourcecode.swift; path = AppEnvironment.swift; sourceTree = "<group>"; };
		F25018FF20C713E20003E4BB /* MovieBoxTests.xctest */ = {isa = PBXFileReference; explicitFileType = wrapper.cfbundle; includeInIndex = 0; path = MovieBoxTests.xctest; sourceTree = BUILT_PRODUCTS_DIR; };
		F250190120C713E20003E4BB /* MovieBoxTests.swift */ = {isa = PBXFileReference; lastKnownFileType = sourcecode.swift; path = MovieBoxTests.swift; sourceTree = "<group>"; };
		F250190320C713E20003E4BB /* Info.plist */ = {isa = PBXFileReference; lastKnownFileType = text.plist.xml; path = Info.plist; sourceTree = "<group>"; };
		F293811D20C71B1E00441757 /* SnapKit.framework */ = {isa = PBXFileReference; lastKnownFileType = wrapper.framework; name = SnapKit.framework; path = Carthage/Build/iOS/SnapKit.framework; sourceTree = "<group>"; };
		F293812020C71F0200441757 /* ListItemTableViewCell.swift */ = {isa = PBXFileReference; lastKnownFileType = sourcecode.swift; path = ListItemTableViewCell.swift; sourceTree = "<group>"; };
		F293812220C7220F00441757 /* NSObjectExtension.swift */ = {isa = PBXFileReference; fileEncoding = 4; lastKnownFileType = sourcecode.swift; path = NSObjectExtension.swift; sourceTree = "<group>"; };
		F293812420C7291D00441757 /* UIViewExtension.swift */ = {isa = PBXFileReference; lastKnownFileType = sourcecode.swift; path = UIViewExtension.swift; sourceTree = "<group>"; };
/* End PBXFileReference section */

/* Begin PBXFrameworksBuildPhase section */
		F25018A820C70E820003E4BB /* Frameworks */ = {
			isa = PBXFrameworksBuildPhase;
			buildActionMask = 2147483647;
			files = (
				F293811E20C71B1E00441757 /* SnapKit.framework in Frameworks */,
			);
			runOnlyForDeploymentPostprocessing = 0;
		};
		F25018FC20C713E20003E4BB /* Frameworks */ = {
			isa = PBXFrameworksBuildPhase;
			buildActionMask = 2147483647;
			files = (
			);
			runOnlyForDeploymentPostprocessing = 0;
		};
/* End PBXFrameworksBuildPhase section */

/* Begin PBXGroup section */
		8D7E32DD20C77720009D644A /* Detail */ = {
			isa = PBXGroup;
			children = (
				8D7E32E120C77737009D644A /* Model */,
				8D7E32E020C77732009D644A /* View */,
				8D7E32DF20C7772D009D644A /* Presenter */,
				8D7E32DE20C77728009D644A /* Router */,
			);
			path = Detail;
			sourceTree = "<group>";
		};
		8D7E32DE20C77728009D644A /* Router */ = {
			isa = PBXGroup;
			children = (
				8D7E32E220C77754009D644A /* DetailRouter.swift */,
			);
			path = Router;
			sourceTree = "<group>";
		};
		8D7E32DF20C7772D009D644A /* Presenter */ = {
			isa = PBXGroup;
			children = (
				8D7E32E620C77769009D644A /* DetailPresenter.swift */,
				8D7E32E420C77760009D644A /* DetailViewProtocol.swift */,
			);
			path = Presenter;
			sourceTree = "<group>";
		};
		8D7E32E020C77732009D644A /* View */ = {
			isa = PBXGroup;
			children = (
				8D7E32E820C7777E009D644A /* DetailViewController.swift */,
				8D7E32E920C7777E009D644A /* DetailViewController.xib */,
			);
			path = View;
			sourceTree = "<group>";
		};
		8D7E32E120C77737009D644A /* Model */ = {
			isa = PBXGroup;
			children = (
			);
			path = Model;
			sourceTree = "<group>";
		};
		8D7E32EC20C77E51009D644A /* Model */ = {
			isa = PBXGroup;
			children = (
				8D7E32ED20C77E5F009D644A /* Movie.swift */,
			);
			path = Model;
			sourceTree = "<group>";
		};
		F25018A220C70E820003E4BB = {
			isa = PBXGroup;
			children = (
				F25018AD20C70E820003E4BB /* MovieBox */,
				F250190020C713E20003E4BB /* MovieBoxTests */,
				F250190A20C71AEC0003E4BB /* Frameworks */,
				F25018AC20C70E820003E4BB /* Products */,
			);
			sourceTree = "<group>";
		};
		F25018AC20C70E820003E4BB /* Products */ = {
			isa = PBXGroup;
			children = (
				F25018AB20C70E820003E4BB /* MovieBox.app */,
				F25018FF20C713E20003E4BB /* MovieBoxTests.xctest */,
			);
			name = Products;
			sourceTree = "<group>";
		};
		F25018AD20C70E820003E4BB /* MovieBox */ = {
			isa = PBXGroup;
			children = (
				F25018CE20C70F1A0003E4BB /* Features */,
				F25018CF20C70F230003E4BB /* Helpers */,
				F25018D020C70F2A0003E4BB /* Resources */,
				F25018D120C70F2E0003E4BB /* Services */,
			);
			path = MovieBox;
			sourceTree = "<group>";
		};
		F25018CE20C70F1A0003E4BB /* Features */ = {
			isa = PBXGroup;
			children = (
				8D7E32DD20C77720009D644A /* Detail */,
				F25018D320C70F3F0003E4BB /* Navigation */,
				F25018D220C70F3B0003E4BB /* List */,
			);
			path = Features;
			sourceTree = "<group>";
		};
		F25018CF20C70F230003E4BB /* Helpers */ = {
			isa = PBXGroup;
			children = (
				F25018EC20C70FF60003E4BB /* Extensions */,
				F25018ED20C70FFE0003E4BB /* Service */,
				8D7E32F120C78621009D644A /* ImageLoader.swift */,
			);
			path = Helpers;
			sourceTree = "<group>";
		};
		F25018D020C70F2A0003E4BB /* Resources */ = {
			isa = PBXGroup;
			children = (
				F25018B720C70E840003E4BB /* LaunchScreen.storyboard */,
				F25018F820C7102D0003E4BB /* Assets */,
				F25018AE20C70E820003E4BB /* AppDelegate.swift */,
				F25018F920C710B30003E4BB /* AppEnvironment.swift */,
				F25018BA20C70E840003E4BB /* Info.plist */,
			);
			path = Resources;
			sourceTree = "<group>";
		};
		F25018D120C70F2E0003E4BB /* Services */ = {
			isa = PBXGroup;
			children = (
				8D7E32EC20C77E51009D644A /* Model */,
				8D7E32EF20C78061009D644A /* MovieService.swift */,
			);
			path = Services;
			sourceTree = "<group>";
		};
		F25018D220C70F3B0003E4BB /* List */ = {
			isa = PBXGroup;
			children = (
				F25018E320C70FB70003E4BB /* Model */,
				F25018E220C70FB30003E4BB /* View */,
				F25018E120C70FAF0003E4BB /* Presenter */,
				F25018E020C70F9E0003E4BB /* Router */,
			);
			path = List;
			sourceTree = "<group>";
		};
		F25018D320C70F3F0003E4BB /* Navigation */ = {
			isa = PBXGroup;
			children = (
				F25018D720C70F5C0003E4BB /* Model */,
				F25018D520C70F520003E4BB /* View */,
				F25018D620C70F570003E4BB /* Presenter */,
				F25018D420C70F4A0003E4BB /* Router */,
			);
			path = Navigation;
			sourceTree = "<group>";
		};
		F25018D420C70F4A0003E4BB /* Router */ = {
			isa = PBXGroup;
			children = (
				F25018DE20C70F920003E4BB /* NavigationRouter.swift */,
			);
			path = Router;
			sourceTree = "<group>";
		};
		F25018D520C70F520003E4BB /* View */ = {
			isa = PBXGroup;
			children = (
				F25018DC20C70F8E0003E4BB /* NavigationViewController.swift */,
			);
			path = View;
			sourceTree = "<group>";
		};
		F25018D620C70F570003E4BB /* Presenter */ = {
			isa = PBXGroup;
			children = (
				F25018DA20C70F890003E4BB /* NavigationPresenter.swift */,
			);
			path = Presenter;
			sourceTree = "<group>";
		};
		F25018D720C70F5C0003E4BB /* Model */ = {
			isa = PBXGroup;
			children = (
				F25018D820C70F820003E4BB /* Routes.swift */,
			);
			path = Model;
			sourceTree = "<group>";
		};
		F25018E020C70F9E0003E4BB /* Router */ = {
			isa = PBXGroup;
			children = (
				F25018EA20C70FEA0003E4BB /* ListRouter.swift */,
			);
			path = Router;
			sourceTree = "<group>";
		};
		F25018E120C70FAF0003E4BB /* Presenter */ = {
			isa = PBXGroup;
			children = (
				F25018E620C70FE10003E4BB /* ListPresenter.swift */,
				F25018E720C70FE10003E4BB /* ListViewProtocol.swift */,
			);
			path = Presenter;
			sourceTree = "<group>";
		};
		F25018E220C70FB30003E4BB /* View */ = {
			isa = PBXGroup;
			children = (
				F25018E420C70FD80003E4BB /* ListTableViewController.swift */,
				F293812020C71F0200441757 /* ListItemTableViewCell.swift */,
				8D7E32DA20C763F6009D644A /* ListItemTableViewCell.xib */,
			);
			path = View;
			sourceTree = "<group>";
		};
		F25018E320C70FB70003E4BB /* Model */ = {
			isa = PBXGroup;
			children = (
			);
			path = Model;
			sourceTree = "<group>";
		};
		F25018EC20C70FF60003E4BB /* Extensions */ = {
			isa = PBXGroup;
			children = (
				F293812220C7220F00441757 /* NSObjectExtension.swift */,
				F25018F420C7101C0003E4BB /* UIColorExtension.swift */,
				F293812420C7291D00441757 /* UIViewExtension.swift */,
			);
			path = Extensions;
			sourceTree = "<group>";
		};
		F25018ED20C70FFE0003E4BB /* Service */ = {
			isa = PBXGroup;
			children = (
				F25018EE20C710160003E4BB /* RequestMethod.swift */,
				F25018EF20C710160003E4BB /* ServiceError.swift */,
				F25018F020C710160003E4BB /* ServiceManager.swift */,
			);
			path = Service;
			sourceTree = "<group>";
		};
		F25018F820C7102D0003E4BB /* Assets */ = {
			isa = PBXGroup;
			children = (
				F25018B520C70E840003E4BB /* Assets.xcassets */,
			);
			path = Assets;
			sourceTree = "<group>";
		};
		F250190020C713E20003E4BB /* MovieBoxTests */ = {
			isa = PBXGroup;
			children = (
				F250190120C713E20003E4BB /* MovieBoxTests.swift */,
				F250190320C713E20003E4BB /* Info.plist */,
			);
			path = MovieBoxTests;
			sourceTree = "<group>";
		};
		F250190A20C71AEC0003E4BB /* Frameworks */ = {
			isa = PBXGroup;
			children = (
				F293811D20C71B1E00441757 /* SnapKit.framework */,
			);
			name = Frameworks;
			sourceTree = "<group>";
		};
/* End PBXGroup section */

/* Begin PBXNativeTarget section */
		F25018AA20C70E820003E4BB /* MovieBox */ = {
			isa = PBXNativeTarget;
			buildConfigurationList = F25018C820C70E840003E4BB /* Build configuration list for PBXNativeTarget "MovieBox" */;
			buildPhases = (
				F25018A720C70E820003E4BB /* Sources */,
				F25018A820C70E820003E4BB /* Frameworks */,
				F25018A920C70E820003E4BB /* Resources */,
				F293811F20C71B3F00441757 /* Carthage - Copy Frameworks */,
			);
			buildRules = (
			);
			dependencies = (
			);
			name = MovieBox;
			productName = MovieBox;
			productReference = F25018AB20C70E820003E4BB /* MovieBox.app */;
			productType = "com.apple.product-type.application";
		};
		F25018FE20C713E20003E4BB /* MovieBoxTests */ = {
			isa = PBXNativeTarget;
			buildConfigurationList = F250190620C713E20003E4BB /* Build configuration list for PBXNativeTarget "MovieBoxTests" */;
			buildPhases = (
				F25018FB20C713E20003E4BB /* Sources */,
				F25018FC20C713E20003E4BB /* Frameworks */,
				F25018FD20C713E20003E4BB /* Resources */,
			);
			buildRules = (
			);
			dependencies = (
				F250190520C713E20003E4BB /* PBXTargetDependency */,
			);
			name = MovieBoxTests;
			productName = MovieBoxTests;
			productReference = F25018FF20C713E20003E4BB /* MovieBoxTests.xctest */;
			productType = "com.apple.product-type.bundle.unit-test";
		};
/* End PBXNativeTarget section */

/* Begin PBXProject section */
		F25018A320C70E820003E4BB /* Project object */ = {
			isa = PBXProject;
			attributes = {
				LastSwiftUpdateCheck = 0940;
				LastUpgradeCheck = 0940;
				ORGANIZATIONNAME = "Rafael de Paula";
				TargetAttributes = {
					F25018AA20C70E820003E4BB = {
						CreatedOnToolsVersion = 9.4;
					};
					F25018FE20C713E20003E4BB = {
						CreatedOnToolsVersion = 9.4;
						TestTargetID = F25018AA20C70E820003E4BB;
					};
				};
			};
			buildConfigurationList = F25018A620C70E820003E4BB /* Build configuration list for PBXProject "MovieBox" */;
			compatibilityVersion = "Xcode 9.3";
			developmentRegion = en;
			hasScannedForEncodings = 0;
			knownRegions = (
				en,
				Base,
			);
			mainGroup = F25018A220C70E820003E4BB;
			productRefGroup = F25018AC20C70E820003E4BB /* Products */;
			projectDirPath = "";
			projectRoot = "";
			targets = (
				F25018AA20C70E820003E4BB /* MovieBox */,
				F25018FE20C713E20003E4BB /* MovieBoxTests */,
			);
		};
/* End PBXProject section */

/* Begin PBXResourcesBuildPhase section */
		F25018A920C70E820003E4BB /* Resources */ = {
			isa = PBXResourcesBuildPhase;
			buildActionMask = 2147483647;
			files = (
				8D7E32DB20C763F6009D644A /* ListItemTableViewCell.xib in Resources */,
				F25018B920C70E840003E4BB /* LaunchScreen.storyboard in Resources */,
				F25018B620C70E840003E4BB /* Assets.xcassets in Resources */,
				8D7E32EB20C7777E009D644A /* DetailViewController.xib in Resources */,
			);
			runOnlyForDeploymentPostprocessing = 0;
		};
		F25018FD20C713E20003E4BB /* Resources */ = {
			isa = PBXResourcesBuildPhase;
			buildActionMask = 2147483647;
			files = (
			);
			runOnlyForDeploymentPostprocessing = 0;
		};
/* End PBXResourcesBuildPhase section */

/* Begin PBXShellScriptBuildPhase section */
		F293811F20C71B3F00441757 /* Carthage - Copy Frameworks */ = {
			isa = PBXShellScriptBuildPhase;
			buildActionMask = 2147483647;
			files = (
			);
			inputPaths = (
				"$(SRCROOT)/Carthage/Build/iOS/SnapKit.framework",
			);
			name = "Carthage - Copy Frameworks";
			outputPaths = (
				"$(BUILT_PRODUCTS_DIR)/$(FRAMEWORKS_FOLDER_PATH)/SnapKit.framework",
			);
			runOnlyForDeploymentPostprocessing = 0;
			shellPath = /bin/sh;
			shellScript = "/usr/local/bin/carthage copy-frameworks";
		};
/* End PBXShellScriptBuildPhase section */

/* Begin PBXSourcesBuildPhase section */
		F25018A720C70E820003E4BB /* Sources */ = {
			isa = PBXSourcesBuildPhase;
			buildActionMask = 2147483647;
			files = (
				F25018F220C710160003E4BB /* ServiceError.swift in Sources */,
				F293812320C7220F00441757 /* NSObjectExtension.swift in Sources */,
				F25018F620C7101C0003E4BB /* UIColorExtension.swift in Sources */,
				8D7E32F020C78061009D644A /* MovieService.swift in Sources */,
				8D7E32E720C77769009D644A /* DetailPresenter.swift in Sources */,
				F25018DB20C70F890003E4BB /* NavigationPresenter.swift in Sources */,
				F25018FA20C710B30003E4BB /* AppEnvironment.swift in Sources */,
				8D7E32EA20C7777E009D644A /* DetailViewController.swift in Sources */,
				F293812520C7291D00441757 /* UIViewExtension.swift in Sources */,
				F25018E820C70FE10003E4BB /* ListPresenter.swift in Sources */,
				F293812120C71F0200441757 /* ListItemTableViewCell.swift in Sources */,
				F25018F320C710160003E4BB /* ServiceManager.swift in Sources */,
				F25018DF20C70F920003E4BB /* NavigationRouter.swift in Sources */,
				F25018E920C70FE10003E4BB /* ListViewProtocol.swift in Sources */,
				8D7E32F220C78621009D644A /* ImageLoader.swift in Sources */,
				F25018F120C710160003E4BB /* RequestMethod.swift in Sources */,
				F25018D920C70F820003E4BB /* Routes.swift in Sources */,
				F25018DD20C70F8E0003E4BB /* NavigationViewController.swift in Sources */,
				F25018AF20C70E820003E4BB /* AppDelegate.swift in Sources */,
				8D7E32E320C77754009D644A /* DetailRouter.swift in Sources */,
				8D7E32E520C77760009D644A /* DetailViewProtocol.swift in Sources */,
				F25018EB20C70FEA0003E4BB /* ListRouter.swift in Sources */,
				8D7E32EE20C77E5F009D644A /* Movie.swift in Sources */,
				F25018E520C70FD80003E4BB /* ListTableViewController.swift in Sources */,
			);
			runOnlyForDeploymentPostprocessing = 0;
		};
		F25018FB20C713E20003E4BB /* Sources */ = {
			isa = PBXSourcesBuildPhase;
			buildActionMask = 2147483647;
			files = (
				F250190220C713E20003E4BB /* MovieBoxTests.swift in Sources */,
			);
			runOnlyForDeploymentPostprocessing = 0;
		};
/* End PBXSourcesBuildPhase section */

/* Begin PBXTargetDependency section */
		F250190520C713E20003E4BB /* PBXTargetDependency */ = {
			isa = PBXTargetDependency;
			target = F25018AA20C70E820003E4BB /* MovieBox */;
			targetProxy = F250190420C713E20003E4BB /* PBXContainerItemProxy */;
		};
/* End PBXTargetDependency section */

/* Begin PBXVariantGroup section */
		F25018B720C70E840003E4BB /* LaunchScreen.storyboard */ = {
			isa = PBXVariantGroup;
			children = (
				F25018B820C70E840003E4BB /* Base */,
			);
			name = LaunchScreen.storyboard;
			sourceTree = "<group>";
		};
/* End PBXVariantGroup section */

/* Begin XCBuildConfiguration section */
		F25018C620C70E840003E4BB /* Debug */ = {
			isa = XCBuildConfiguration;
			buildSettings = {
				ALWAYS_SEARCH_USER_PATHS = NO;
				CLANG_ANALYZER_NONNULL = YES;
				CLANG_ANALYZER_NUMBER_OBJECT_CONVERSION = YES_AGGRESSIVE;
				CLANG_CXX_LANGUAGE_STANDARD = "gnu++14";
				CLANG_CXX_LIBRARY = "libc++";
				CLANG_ENABLE_MODULES = YES;
				CLANG_ENABLE_OBJC_ARC = YES;
				CLANG_ENABLE_OBJC_WEAK = YES;
				CLANG_WARN_BLOCK_CAPTURE_AUTORELEASING = YES;
				CLANG_WARN_BOOL_CONVERSION = YES;
				CLANG_WARN_COMMA = YES;
				CLANG_WARN_CONSTANT_CONVERSION = YES;
				CLANG_WARN_DEPRECATED_OBJC_IMPLEMENTATIONS = YES;
				CLANG_WARN_DIRECT_OBJC_ISA_USAGE = YES_ERROR;
				CLANG_WARN_DOCUMENTATION_COMMENTS = YES;
				CLANG_WARN_EMPTY_BODY = YES;
				CLANG_WARN_ENUM_CONVERSION = YES;
				CLANG_WARN_INFINITE_RECURSION = YES;
				CLANG_WARN_INT_CONVERSION = YES;
				CLANG_WARN_NON_LITERAL_NULL_CONVERSION = YES;
				CLANG_WARN_OBJC_IMPLICIT_RETAIN_SELF = YES;
				CLANG_WARN_OBJC_LITERAL_CONVERSION = YES;
				CLANG_WARN_OBJC_ROOT_CLASS = YES_ERROR;
				CLANG_WARN_RANGE_LOOP_ANALYSIS = YES;
				CLANG_WARN_STRICT_PROTOTYPES = YES;
				CLANG_WARN_SUSPICIOUS_MOVE = YES;
				CLANG_WARN_UNGUARDED_AVAILABILITY = YES_AGGRESSIVE;
				CLANG_WARN_UNREACHABLE_CODE = YES;
				CLANG_WARN__DUPLICATE_METHOD_MATCH = YES;
				CODE_SIGN_IDENTITY = "iPhone Developer";
				COPY_PHASE_STRIP = NO;
				DEBUG_INFORMATION_FORMAT = dwarf;
				ENABLE_STRICT_OBJC_MSGSEND = YES;
				ENABLE_TESTABILITY = YES;
				GCC_C_LANGUAGE_STANDARD = gnu11;
				GCC_DYNAMIC_NO_PIC = NO;
				GCC_NO_COMMON_BLOCKS = YES;
				GCC_OPTIMIZATION_LEVEL = 0;
				GCC_PREPROCESSOR_DEFINITIONS = (
					"DEBUG=1",
					"$(inherited)",
				);
				GCC_WARN_64_TO_32_BIT_CONVERSION = YES;
				GCC_WARN_ABOUT_RETURN_TYPE = YES_ERROR;
				GCC_WARN_UNDECLARED_SELECTOR = YES;
				GCC_WARN_UNINITIALIZED_AUTOS = YES_AGGRESSIVE;
				GCC_WARN_UNUSED_FUNCTION = YES;
				GCC_WARN_UNUSED_VARIABLE = YES;
				IPHONEOS_DEPLOYMENT_TARGET = 11.4;
				MTL_ENABLE_DEBUG_INFO = YES;
				ONLY_ACTIVE_ARCH = YES;
				SDKROOT = iphoneos;
				SWIFT_ACTIVE_COMPILATION_CONDITIONS = DEBUG;
				SWIFT_OPTIMIZATION_LEVEL = "-Onone";
			};
			name = Debug;
		};
		F25018C720C70E840003E4BB /* Release */ = {
			isa = XCBuildConfiguration;
			buildSettings = {
				ALWAYS_SEARCH_USER_PATHS = NO;
				CLANG_ANALYZER_NONNULL = YES;
				CLANG_ANALYZER_NUMBER_OBJECT_CONVERSION = YES_AGGRESSIVE;
				CLANG_CXX_LANGUAGE_STANDARD = "gnu++14";
				CLANG_CXX_LIBRARY = "libc++";
				CLANG_ENABLE_MODULES = YES;
				CLANG_ENABLE_OBJC_ARC = YES;
				CLANG_ENABLE_OBJC_WEAK = YES;
				CLANG_WARN_BLOCK_CAPTURE_AUTORELEASING = YES;
				CLANG_WARN_BOOL_CONVERSION = YES;
				CLANG_WARN_COMMA = YES;
				CLANG_WARN_CONSTANT_CONVERSION = YES;
				CLANG_WARN_DEPRECATED_OBJC_IMPLEMENTATIONS = YES;
				CLANG_WARN_DIRECT_OBJC_ISA_USAGE = YES_ERROR;
				CLANG_WARN_DOCUMENTATION_COMMENTS = YES;
				CLANG_WARN_EMPTY_BODY = YES;
				CLANG_WARN_ENUM_CONVERSION = YES;
				CLANG_WARN_INFINITE_RECURSION = YES;
				CLANG_WARN_INT_CONVERSION = YES;
				CLANG_WARN_NON_LITERAL_NULL_CONVERSION = YES;
				CLANG_WARN_OBJC_IMPLICIT_RETAIN_SELF = YES;
				CLANG_WARN_OBJC_LITERAL_CONVERSION = YES;
				CLANG_WARN_OBJC_ROOT_CLASS = YES_ERROR;
				CLANG_WARN_RANGE_LOOP_ANALYSIS = YES;
				CLANG_WARN_STRICT_PROTOTYPES = YES;
				CLANG_WARN_SUSPICIOUS_MOVE = YES;
				CLANG_WARN_UNGUARDED_AVAILABILITY = YES_AGGRESSIVE;
				CLANG_WARN_UNREACHABLE_CODE = YES;
				CLANG_WARN__DUPLICATE_METHOD_MATCH = YES;
				CODE_SIGN_IDENTITY = "iPhone Developer";
				COPY_PHASE_STRIP = NO;
				DEBUG_INFORMATION_FORMAT = "dwarf-with-dsym";
				ENABLE_NS_ASSERTIONS = NO;
				ENABLE_STRICT_OBJC_MSGSEND = YES;
				GCC_C_LANGUAGE_STANDARD = gnu11;
				GCC_NO_COMMON_BLOCKS = YES;
				GCC_WARN_64_TO_32_BIT_CONVERSION = YES;
				GCC_WARN_ABOUT_RETURN_TYPE = YES_ERROR;
				GCC_WARN_UNDECLARED_SELECTOR = YES;
				GCC_WARN_UNINITIALIZED_AUTOS = YES_AGGRESSIVE;
				GCC_WARN_UNUSED_FUNCTION = YES;
				GCC_WARN_UNUSED_VARIABLE = YES;
				IPHONEOS_DEPLOYMENT_TARGET = 11.4;
				MTL_ENABLE_DEBUG_INFO = NO;
				SDKROOT = iphoneos;
				SWIFT_COMPILATION_MODE = wholemodule;
				SWIFT_OPTIMIZATION_LEVEL = "-O";
				VALIDATE_PRODUCT = YES;
			};
			name = Release;
		};
		F25018C920C70E840003E4BB /* Debug */ = {
			isa = XCBuildConfiguration;
			buildSettings = {
				ASSETCATALOG_COMPILER_APPICON_NAME = AppIcon;
				CODE_SIGN_STYLE = Automatic;
				FRAMEWORK_SEARCH_PATHS = (
					"$(inherited)",
					"$(PROJECT_DIR)/Carthage/Build/iOS",
				);
				INFOPLIST_FILE = "$(SRCROOT)/MovieBox/Resources/Info.plist";
				LD_RUNPATH_SEARCH_PATHS = (
					"$(inherited)",
					"@executable_path/Frameworks",
				);
				PRODUCT_BUNDLE_IDENTIFIER = moviebox;
				PRODUCT_NAME = "$(TARGET_NAME)";
				SWIFT_VERSION = 4.0;
				TARGETED_DEVICE_FAMILY = 1;
			};
			name = Debug;
		};
		F25018CA20C70E840003E4BB /* Release */ = {
			isa = XCBuildConfiguration;
			buildSettings = {
				ASSETCATALOG_COMPILER_APPICON_NAME = AppIcon;
				CODE_SIGN_STYLE = Automatic;
				FRAMEWORK_SEARCH_PATHS = (
					"$(inherited)",
					"$(PROJECT_DIR)/Carthage/Build/iOS",
				);
				INFOPLIST_FILE = "$(SRCROOT)/MovieBox/Resources/Info.plist";
				LD_RUNPATH_SEARCH_PATHS = (
					"$(inherited)",
					"@executable_path/Frameworks",
				);
				PRODUCT_BUNDLE_IDENTIFIER = moviebox;
				PRODUCT_NAME = "$(TARGET_NAME)";
				SWIFT_VERSION = 4.0;
				TARGETED_DEVICE_FAMILY = 1;
			};
			name = Release;
		};
		F250190720C713E20003E4BB /* Debug */ = {
			isa = XCBuildConfiguration;
			buildSettings = {
				BUNDLE_LOADER = "$(TEST_HOST)";
				CODE_SIGN_STYLE = Automatic;
				INFOPLIST_FILE = MovieBoxTests/Info.plist;
				LD_RUNPATH_SEARCH_PATHS = (
					"$(inherited)",
					"@executable_path/Frameworks",
					"@loader_path/Frameworks",
				);
				PRODUCT_BUNDLE_IDENTIFIER = moviebox.MovieBoxTests;
				PRODUCT_NAME = "$(TARGET_NAME)";
				SWIFT_VERSION = 4.0;
				TARGETED_DEVICE_FAMILY = "1,2";
				TEST_HOST = "$(BUILT_PRODUCTS_DIR)/MovieBox.app/MovieBox";
			};
			name = Debug;
		};
		F250190820C713E20003E4BB /* Release */ = {
			isa = XCBuildConfiguration;
			buildSettings = {
				BUNDLE_LOADER = "$(TEST_HOST)";
				CODE_SIGN_STYLE = Automatic;
				INFOPLIST_FILE = MovieBoxTests/Info.plist;
				LD_RUNPATH_SEARCH_PATHS = (
					"$(inherited)",
					"@executable_path/Frameworks",
					"@loader_path/Frameworks",
				);
				PRODUCT_BUNDLE_IDENTIFIER = moviebox.MovieBoxTests;
				PRODUCT_NAME = "$(TARGET_NAME)";
				SWIFT_VERSION = 4.0;
				TARGETED_DEVICE_FAMILY = "1,2";
				TEST_HOST = "$(BUILT_PRODUCTS_DIR)/MovieBox.app/MovieBox";
			};
			name = Release;
		};
/* End XCBuildConfiguration section */

/* Begin XCConfigurationList section */
		F25018A620C70E820003E4BB /* Build configuration list for PBXProject "MovieBox" */ = {
			isa = XCConfigurationList;
			buildConfigurations = (
				F25018C620C70E840003E4BB /* Debug */,
				F25018C720C70E840003E4BB /* Release */,
			);
			defaultConfigurationIsVisible = 0;
			defaultConfigurationName = Release;
		};
		F25018C820C70E840003E4BB /* Build configuration list for PBXNativeTarget "MovieBox" */ = {
			isa = XCConfigurationList;
			buildConfigurations = (
				F25018C920C70E840003E4BB /* Debug */,
				F25018CA20C70E840003E4BB /* Release */,
			);
			defaultConfigurationIsVisible = 0;
			defaultConfigurationName = Release;
		};
		F250190620C713E20003E4BB /* Build configuration list for PBXNativeTarget "MovieBoxTests" */ = {
			isa = XCConfigurationList;
			buildConfigurations = (
				F250190720C713E20003E4BB /* Debug */,
				F250190820C713E20003E4BB /* Release */,
			);
			defaultConfigurationIsVisible = 0;
			defaultConfigurationName = Release;
		};
/* End XCConfigurationList section */
	};
	rootObject = F25018A320C70E820003E4BB /* Project object */;
}
